
Microsoft Visual Studio Solution File, Format Version 12.00
# Visual Studio 15
VisualStudioVersion = 15.0.27130.2010
MinimumVisualStudioVersion = 10.0.40219.1
Project("{D954291E-2A0B-460D-934E-DC6B0785DB48}") = "Nunait.Data.Repository.Core", "Nunait.Data.Repository.Core\Nunait.Data.Repository.Core.shproj", "{5B3C47BA-126E-46A6-B820-E064F1149715}"
EndProject
Global
	GlobalSection(SharedMSBuildProjectFiles) = preSolution
		Nunait.Data.Repository.Core\Nunait.Data.Repository.Core.projitems*{5b3c47ba-126e-46a6-b820-e064f1149715}*SharedItemsImports = 13
	EndGlobalSection
	GlobalSection(SolutionProperties) = preSolution
		HideSolutionNode = FALSE
	EndGlobalSection
	GlobalSection(ExtensibilityGlobals) = postSolution
		SolutionGuid = {E150CF07-8CB2-48D3-99E4-15CCF0FBF38F}
	EndGlobalSection
EndGlobal
